
Microsoft Visual Studio Solution File, Format Version 12.00
# Visual Studio 15
VisualStudioVersion = 15.0.27130.2027
MinimumVisualStudioVersion = 10.0.40219.1
Project("{FAE04EC0-301F-11D3-BF4B-00C04F79EFBC}") = "ContactManager", "ContactManager\ContactManager.csproj", "{AD47D003-8094-4F77-96C3-FB6626EB668F}"
EndProject
Global
	GlobalSection(SolutionConfigurationPlatforms) = preSolution
		Debug|Any CPU = Debug|Any CPU
		Release|Any CPU = Release|Any CPU
	EndGlobalSection
	GlobalSection(ProjectConfigurationPlatforms) = postSolution
		{AD47D003-8094-4F77-96C3-FB6626EB668F}.Debug|Any CPU.ActiveCfg = Debug|Any CPU
		{AD47D003-8094-4F77-96C3-FB6626EB668F}.Debug|Any CPU.Build.0 = Debug|Any CPU
		{AD47D003-8094-4F77-96C3-FB6626EB668F}.Release|Any CPU.ActiveCfg = Release|Any CPU
		{AD47D003-8094-4F77-96C3-FB6626EB668F}.Release|Any CPU.Build.0 = Release|Any CPU
	EndGlobalSection
	GlobalSection(SolutionProperties) = preSolution
		HideSolutionNode = FALSE
	EndGlobalSection
	GlobalSection(ExtensibilityGlobals) = postSolution
		SolutionGuid = {717E0B64-B4A2-4938-9305-8BE5B242FE47}
	EndGlobalSection
EndGlobal
